
Microsoft Visual Studio Solution File, Format Version 10.00
# Visual Studio 2008
Project("{FAE04EC0-301F-11D3-BF4B-00C04F79EFBC}") = "IES_2", "IES_2\IES_2.csproj", "{024BEE99-BBE9-4F6F-8DB0-A6C645A50ED0}"
EndProject
Global
	GlobalSection(SolutionConfigurationPlatforms) = preSolution
		Debug|Any CPU = Debug|Any CPU
		Release|Any CPU = Release|Any CPU
	EndGlobalSection
	GlobalSection(ProjectConfigurationPlatforms) = postSolution
		{024BEE99-BBE9-4F6F-8DB0-A6C645A50ED0}.Debug|Any CPU.ActiveCfg = Debug|Any CPU
		{024BEE99-BBE9-4F6F-8DB0-A6C645A50ED0}.Debug|Any CPU.Build.0 = Debug|Any CPU
		{024BEE99-BBE9-4F6F-8DB0-A6C645A50ED0}.Release|Any CPU.ActiveCfg = Release|Any CPU
		{024BEE99-BBE9-4F6F-8DB0-A6C645A50ED0}.Release|Any CPU.Build.0 = Release|Any CPU
	EndGlobalSection
	GlobalSection(SolutionProperties) = preSolution
		HideSolutionNode = FALSE
	EndGlobalSection
	GlobalSection(ExtensibilityGlobals) = postSolution
		BuildVersion_BuildVersioningStyle = None.None.None.None
	EndGlobalSection
EndGlobal
